
Microsoft Visual Studio Solution File, Format Version 12.00
# Visual Studio Version 16
VisualStudioVersion = 16.0.29503.13
MinimumVisualStudioVersion = 10.0.40219.1
Project("{9A19103F-16F7-4668-BE54-9A1E7A4F7556}") = "TextFileReadWrite001", "TextFileReadWrite001\TextFileReadWrite001\TextFileReadWrite001.csproj", "{12904B20-EA32-4EFF-BAAF-65AABF51A9D6}"
EndProject
Global
	GlobalSection(SolutionConfigurationPlatforms) = preSolution
		Debug|Any CPU = Debug|Any CPU
		Release|Any CPU = Release|Any CPU
	EndGlobalSection
	GlobalSection(ProjectConfigurationPlatforms) = postSolution
		{12904B20-EA32-4EFF-BAAF-65AABF51A9D6}.Debug|Any CPU.ActiveCfg = Debug|Any CPU
		{12904B20-EA32-4EFF-BAAF-65AABF51A9D6}.Debug|Any CPU.Build.0 = Debug|Any CPU
		{12904B20-EA32-4EFF-BAAF-65AABF51A9D6}.Release|Any CPU.ActiveCfg = Release|Any CPU
		{12904B20-EA32-4EFF-BAAF-65AABF51A9D6}.Release|Any CPU.Build.0 = Release|Any CPU
	EndGlobalSection
	GlobalSection(SolutionProperties) = preSolution
		HideSolutionNode = FALSE
	EndGlobalSection
	GlobalSection(ExtensibilityGlobals) = postSolution
		SolutionGuid = {78964BC6-DD4C-4507-9481-9E1FF30D7F2A}
	EndGlobalSection
EndGlobal
