
Microsoft Visual Studio Solution File, Format Version 12.00
# Visual Studio Version 16
VisualStudioVersion = 16.0.29503.13
MinimumVisualStudioVersion = 10.0.40219.1
Project("{FAE04EC0-301F-11D3-BF4B-00C04F79EFBC}") = "TextFileReadWrite001", "TextFileReadWrite001\TextFileReadWrite001.csproj", "{DB34F9C0-BF08-4537-9FDB-6056AB1B2470}"
EndProject
Global
	GlobalSection(SolutionConfigurationPlatforms) = preSolution
		Debug|Any CPU = Debug|Any CPU
		Release|Any CPU = Release|Any CPU
	EndGlobalSection
	GlobalSection(ProjectConfigurationPlatforms) = postSolution
		{DB34F9C0-BF08-4537-9FDB-6056AB1B2470}.Debug|Any CPU.ActiveCfg = Debug|Any CPU
		{DB34F9C0-BF08-4537-9FDB-6056AB1B2470}.Debug|Any CPU.Build.0 = Debug|Any CPU
		{DB34F9C0-BF08-4537-9FDB-6056AB1B2470}.Release|Any CPU.ActiveCfg = Release|Any CPU
		{DB34F9C0-BF08-4537-9FDB-6056AB1B2470}.Release|Any CPU.Build.0 = Release|Any CPU
	EndGlobalSection
	GlobalSection(SolutionProperties) = preSolution
		HideSolutionNode = FALSE
	EndGlobalSection
	GlobalSection(ExtensibilityGlobals) = postSolution
		SolutionGuid = {47232617-ED0F-441C-8AFF-089BD82966C9}
	EndGlobalSection
EndGlobal
